version = 1
revision = 3
requires-python = ">=3.12"

[[package]]
name = "docopt"
version = "0.6.2"
source = { registry = "https://pypi.org/simple" }
sdist = { url = "https://files.pythonhosted.org/packages/a2/55/8f8cab2afd404cf578136ef2cc5dfb50baa1761b68c9da1fb1e4eed343c9/docopt-0.6.2.tar.gz", hash = "sha256:49b3a825280bd66b3aa83585ef59c4a8c82f2c8a522dbe754a8bc8d08c85c491", size = 25901, upload-time = "2014-06-16T11:18:57.406Z" }

[[package]]
name = "haste"
version = "0.1.0"
source = { virtual = "." }
dependencies = [
    { name = "rebench" },
]

[package.metadata]
requires-dist = [{ name = "rebench", specifier = ">=1.3.0" }]

[[package]]
name = "humanfriendly"
version = "10.0"
source = { registry = "https://pypi.org/simple" }
dependencies = [
    { name = "pyreadline3", marker = "sys_platform == 'win32'" },
]
sdist = { url = "https://files.pythonhosted.org/packages/cc/3f/2c29224acb2e2df4d2046e4c73ee2662023c58ff5b113c4c1adac0886c43/humanfriendly-10.0.tar.gz", hash = "sha256:6b0b831ce8f15f7300721aa49829fc4e83921a9a301cc7f606be6686a2288ddc", size = 360702, upload-time = "2021-09-17T21:40:43.31Z" }
wheels = [
    { url = "https://files.pythonhosted.org/packages/f0/0f/310fb31e39e2d734ccaa2c0fb981ee41f7bd5056ce9bc29b2248bd569169/humanfriendly-10.0-py2.py3-none-any.whl", hash = "sha256:1697e1a8a8f550fd43c2865cd84542fc175a61dcb779b6fee18cf6b6ccba1477", size = 86794, upload-time = "2021-09-17T21:40:39.897Z" },
]

[[package]]
name = "psutil"
version = "7.1.0"
source = { registry = "https://pypi.org/simple" }
sdist = { url = "https://files.pythonhosted.org/packages/b3/31/4723d756b59344b643542936e37a31d1d3204bcdc42a7daa8ee9eb06fb50/psutil-7.1.0.tar.gz", hash = "sha256:655708b3c069387c8b77b072fc429a57d0e214221d01c0a772df7dfedcb3bcd2", size = 497660, upload-time = "2025-09-17T20:14:52.902Z" }
wheels = [
    { url = "https://files.pythonhosted.org/packages/46/62/ce4051019ee20ce0ed74432dd73a5bb087a6704284a470bb8adff69a0932/psutil-7.1.0-cp36-abi3-macosx_10_9_x86_64.whl", hash = "sha256:76168cef4397494250e9f4e73eb3752b146de1dd950040b29186d0cce1d5ca13", size = 245242, upload-time = "2025-09-17T20:14:56.126Z" },
    { url = "https://files.pythonhosted.org/packages/38/61/f76959fba841bf5b61123fbf4b650886dc4094c6858008b5bf73d9057216/psutil-7.1.0-cp36-abi3-macosx_11_0_arm64.whl", hash = "sha256:5d007560c8c372efdff9e4579c2846d71de737e4605f611437255e81efcca2c5", size = 246682, upload-time = "2025-09-17T20:14:58.25Z" },
    { url = "https://files.pythonhosted.org/packages/88/7a/37c99d2e77ec30d63398ffa6a660450b8a62517cabe44b3e9bae97696e8d/psutil-7.1.0-cp36-abi3-manylinux_2_12_i686.manylinux2010_i686.manylinux_2_17_i686.manylinux2014_i686.whl", hash = "sha256:22e4454970b32472ce7deaa45d045b34d3648ce478e26a04c7e858a0a6e75ff3", size = 287994, upload-time = "2025-09-17T20:14:59.901Z" },
    { url = "https://files.pythonhosted.org/packages/9d/de/04c8c61232f7244aa0a4b9a9fbd63a89d5aeaf94b2fc9d1d16e2faa5cbb0/psutil-7.1.0-cp36-abi3-manylinux_2_12_x86_64.manylinux2010_x86_64.manylinux_2_17_x86_64.manylinux2014_x86_64.whl", hash = "sha256:8c70e113920d51e89f212dd7be06219a9b88014e63a4cec69b684c327bc474e3", size = 291163, upload-time = "2025-09-17T20:15:01.481Z" },
    { url = "https://files.pythonhosted.org/packages/f4/58/c4f976234bf6d4737bc8c02a81192f045c307b72cf39c9e5c5a2d78927f6/psutil-7.1.0-cp36-abi3-manylinux_2_17_aarch64.manylinux2014_aarch64.whl", hash = "sha256:7d4a113425c037300de3ac8b331637293da9be9713855c4fc9d2d97436d7259d", size = 293625, upload-time = "2025-09-17T20:15:04.492Z" },
    { url = "https://files.pythonhosted.org/packages/79/87/157c8e7959ec39ced1b11cc93c730c4fb7f9d408569a6c59dbd92ceb35db/psutil-7.1.0-cp37-abi3-win32.whl", hash = "sha256:09ad740870c8d219ed8daae0ad3b726d3bf9a028a198e7f3080f6a1888b99bca", size = 244812, upload-time = "2025-09-17T20:15:07.462Z" },
    { url = "https://files.pythonhosted.org/packages/bf/e9/b44c4f697276a7a95b8e94d0e320a7bf7f3318521b23de69035540b39838/psutil-7.1.0-cp37-abi3-win_amd64.whl", hash = "sha256:57f5e987c36d3146c0dd2528cd42151cf96cd359b9d67cfff836995cc5df9a3d", size = 247965, upload-time = "2025-09-17T20:15:09.673Z" },
    { url = "https://files.pythonhosted.org/packages/26/65/1070a6e3c036f39142c2820c4b52e9243246fcfc3f96239ac84472ba361e/psutil-7.1.0-cp37-abi3-win_arm64.whl", hash = "sha256:6937cb68133e7c97b6cc9649a570c9a18ba0efebed46d8c5dae4c07fa1b67a07", size = 244971, upload-time = "2025-09-17T20:15:12.262Z" },
]

[[package]]
name = "py-cpuinfo"
version = "9.0.0"
source = { registry = "https://pypi.org/simple" }
sdist = { url = "https://files.pythonhosted.org/packages/37/a8/d832f7293ebb21690860d2e01d8115e5ff6f2ae8bbdc953f0eb0fa4bd2c7/py-cpuinfo-9.0.0.tar.gz", hash = "sha256:3cdbbf3fac90dc6f118bfd64384f309edeadd902d7c8fb17f02ffa1fc3f49690", size = 104716, upload-time = "2022-10-25T20:38:06.303Z" }
wheels = [
    { url = "https://files.pythonhosted.org/packages/e0/a9/023730ba63db1e494a271cb018dcd361bd2c917ba7004c3e49d5daf795a2/py_cpuinfo-9.0.0-py3-none-any.whl", hash = "sha256:859625bc251f64e21f077d099d4162689c762b5d6a4c3c97553d56241c9674d5", size = 22335, upload-time = "2022-10-25T20:38:27.636Z" },
]

[[package]]
name = "pykwalify"
version = "1.8.0"
source = { registry = "https://pypi.org/simple" }
dependencies = [
    { name = "docopt" },
    { name = "python-dateutil" },
    { name = "ruamel-yaml" },
]
sdist = { url = "https://files.pythonhosted.org/packages/d5/77/2d6849510dbfce5f74f1f69768763630ad0385ad7bb0a4f39b55de3920c7/pykwalify-1.8.0.tar.gz", hash = "sha256:796b2ad3ed4cb99b88308b533fb2f559c30fa6efb4fa9fda11347f483d245884", size = 62462, upload-time = "2020-12-30T22:31:10.745Z" }
wheels = [
    { url = "https://files.pythonhosted.org/packages/1f/fd/ac2161cce19fd67a18c269073f8e86292b5511acec6f8ef6eab88615d032/pykwalify-1.8.0-py2.py3-none-any.whl", hash = "sha256:731dfa87338cca9f559d1fca2bdea37299116e3139b73f78ca90a543722d6651", size = 24860, upload-time = "2020-12-30T22:31:09.09Z" },
]

[[package]]
name = "pyreadline3"
version = "3.5.4"
source = { registry = "https://pypi.org/simple" }
sdist = { url = "https://files.pythonhosted.org/packages/0f/49/4cea918a08f02817aabae639e3d0ac046fef9f9180518a3ad394e22da148/pyreadline3-3.5.4.tar.gz", hash = "sha256:8d57d53039a1c75adba8e50dd3d992b28143480816187ea5efbd5c78e6c885b7", size = 99839, upload-time = "2024-09-19T02:40:10.062Z" }
wheels = [
    { url = "https://files.pythonhosted.org/packages/5a/dc/491b7661614ab97483abf2056be1deee4dc2490ecbf7bff9ab5cdbac86e1/pyreadline3-3.5.4-py3-none-any.whl", hash = "sha256:eaf8e6cc3c49bcccf145fc6067ba8643d1df34d604a1ec0eccbf7a18e6d3fae6", size = 83178, upload-time = "2024-09-19T02:40:08.598Z" },
]

[[package]]
name = "python-dateutil"
version = "2.9.0.post0"
source = { registry = "https://pypi.org/simple" }
dependencies = [
    { name = "six" },
]
sdist = { url = "https://files.pythonhosted.org/packages/66/c0/0c8b6ad9f17a802ee498c46e004a0eb49bc148f2fd230864601a86dcf6db/python-dateutil-2.9.0.post0.tar.gz", hash = "sha256:37dd54208da7e1cd875388217d5e00ebd4179249f90fb72437e91a35459a0ad3", size = 342432, upload-time = "2024-03-01T18:36:20.211Z" }
wheels = [
    { url = "https://files.pythonhosted.org/packages/ec/57/56b9bcc3c9c6a792fcbaf139543cee77261f3651ca9da0c93f5c1221264b/python_dateutil-2.9.0.post0-py2.py3-none-any.whl", hash = "sha256:a8b2bc7bffae282281c8140a97d3aa9c14da0b136dfe83f850eea9a5f7470427", size = 229892, upload-time = "2024-03-01T18:36:18.57Z" },
]

[[package]]
name = "pyyaml"
version = "6.0.3"
source = { registry = "https://pypi.org/simple" }
sdist = { url = "https://files.pythonhosted.org/packages/05/8e/961c0007c59b8dd7729d542c61a4d537767a59645b82a0b521206e1e25c2/pyyaml-6.0.3.tar.gz", hash = "sha256:d76623373421df22fb4cf8817020cbb7ef15c725b9d5e45f17e189bfc384190f", size = 130960, upload-time = "2025-09-25T21:33:16.546Z" }
wheels = [
    { url = "https://files.pythonhosted.org/packages/d1/33/422b98d2195232ca1826284a76852ad5a86fe23e31b009c9886b2d0fb8b2/pyyaml-6.0.3-cp312-cp312-macosx_10_13_x86_64.whl", hash = "sha256:7f047e29dcae44602496db43be01ad42fc6f1cc0d8cd6c83d342306c32270196", size = 182063, upload-time = "2025-09-25T21:32:11.445Z" },
    { url = "https://files.pythonhosted.org/packages/89/a0/6cf41a19a1f2f3feab0e9c0b74134aa2ce6849093d5517a0c550fe37a648/pyyaml-6.0.3-cp312-cp312-macosx_11_0_arm64.whl", hash = "sha256:fc09d0aa354569bc501d4e787133afc08552722d3ab34836a80547331bb5d4a0", size = 173973, upload-time = "2025-09-25T21:32:12.492Z" },
    { url = "https://files.pythonhosted.org/packages/ed/23/7a778b6bd0b9a8039df8b1b1d80e2e2ad78aa04171592c8a5c43a56a6af4/pyyaml-6.0.3-cp312-cp312-manylinux2014_aarch64.manylinux_2_17_aarch64.manylinux_2_28_aarch64.whl", hash = "sha256:9149cad251584d5fb4981be1ecde53a1ca46c891a79788c0df828d2f166bda28", size = 775116, upload-time = "2025-09-25T21:32:13.652Z" },
    { url = "https://files.pythonhosted.org/packages/65/30/d7353c338e12baef4ecc1b09e877c1970bd3382789c159b4f89d6a70dc09/pyyaml-6.0.3-cp312-cp312-manylinux2014_s390x.manylinux_2_17_s390x.manylinux_2_28_s390x.whl", hash = "sha256:5fdec68f91a0c6739b380c83b951e2c72ac0197ace422360e6d5a959d8d97b2c", size = 844011, upload-time = "2025-09-25T21:32:15.21Z" },
    { url = "https://files.pythonhosted.org/packages/8b/9d/b3589d3877982d4f2329302ef98a8026e7f4443c765c46cfecc8858c6b4b/pyyaml-6.0.3-cp312-cp312-manylinux2014_x86_64.manylinux_2_17_x86_64.manylinux_2_28_x86_64.whl", hash = "sha256:ba1cc08a7ccde2d2ec775841541641e4548226580ab850948cbfda66a1befcdc", size = 807870, upload-time = "2025-09-25T21:32:16.431Z" },
    { url = "https://files.pythonhosted.org/packages/05/c0/b3be26a015601b822b97d9149ff8cb5ead58c66f981e04fedf4e762f4bd4/pyyaml-6.0.3-cp312-cp312-musllinux_1_2_aarch64.whl", hash = "sha256:8dc52c23056b9ddd46818a57b78404882310fb473d63f17b07d5c40421e47f8e", size = 761089, upload-time = "2025-09-25T21:32:17.56Z" },
    { url = "https://files.pythonhosted.org/packages/be/8e/98435a21d1d4b46590d5459a22d88128103f8da4c2d4cb8f14f2a96504e1/pyyaml-6.0.3-cp312-cp312-musllinux_1_2_x86_64.whl", hash = "sha256:41715c910c881bc081f1e8872880d3c650acf13dfa8214bad49ed4cede7c34ea", size = 790181, upload-time = "2025-09-25T21:32:18.834Z" },
    { url = "https://files.pythonhosted.org/packages/74/93/7baea19427dcfbe1e5a372d81473250b379f04b1bd3c4c5ff825e2327202/pyyaml-6.0.3-cp312-cp312-win32.whl", hash = "sha256:96b533f0e99f6579b3d4d4995707cf36df9100d67e0c8303a0c55b27b5f99bc5", size = 137658, upload-time = "2025-09-25T21:32:20.209Z" },
    { url = "https://files.pythonhosted.org/packages/86/bf/899e81e4cce32febab4fb42bb97dcdf66bc135272882d1987881a4b519e9/pyyaml-6.0.3-cp312-cp312-win_amd64.whl", hash = "sha256:5fcd34e47f6e0b794d17de1b4ff496c00986e1c83f7ab2fb8fcfe9616ff7477b", size = 154003, upload-time = "2025-09-25T21:32:21.167Z" },
    { url = "https://files.pythonhosted.org/packages/1a/08/67bd04656199bbb51dbed1439b7f27601dfb576fb864099c7ef0c3e55531/pyyaml-6.0.3-cp312-cp312-win_arm64.whl", hash = "sha256:64386e5e707d03a7e172c0701abfb7e10f0fb753ee1d773128192742712a98fd", size = 140344, upload-time = "2025-09-25T21:32:22.617Z" },
    { url = "https://files.pythonhosted.org/packages/d1/11/0fd08f8192109f7169db964b5707a2f1e8b745d4e239b784a5a1dd80d1db/pyyaml-6.0.3-cp313-cp313-macosx_10_13_x86_64.whl", hash = "sha256:8da9669d359f02c0b91ccc01cac4a67f16afec0dac22c2ad09f46bee0697eba8", size = 181669, upload-time = "2025-09-25T21:32:23.673Z" },
    { url = "https://files.pythonhosted.org/packages/b1/16/95309993f1d3748cd644e02e38b75d50cbc0d9561d21f390a76242ce073f/pyyaml-6.0.3-cp313-cp313-macosx_11_0_arm64.whl", hash = "sha256:2283a07e2c21a2aa78d9c4442724ec1eb15f5e42a723b99cb3d822d48f5f7ad1", size = 173252, upload-time = "2025-09-25T21:32:25.149Z" },
    { url = "https://files.pythonhosted.org/packages/50/31/b20f376d3f810b9b2371e72ef5adb33879b25edb7a6d072cb7ca0c486398/pyyaml-6.0.3-cp313-cp313-manylinux2014_aarch64.manylinux_2_17_aarch64.manylinux_2_28_aarch64.whl", hash = "sha256:ee2922902c45ae8ccada2c5b501ab86c36525b883eff4255313a253a3160861c", size = 767081, upload-time = "2025-09-25T21:32:26.575Z" },
    { url = "https://files.pythonhosted.org/packages/49/1e/a55ca81e949270d5d4432fbbd19dfea5321eda7c41a849d443dc92fd1ff7/pyyaml-6.0.3-cp313-cp313-manylinux2014_s390x.manylinux_2_17_s390x.manylinux_2_28_s390x.whl", hash = "sha256:a33284e20b78bd4a18c8c2282d549d10bc8408a2a7ff57653c0cf0b9be0afce5", size = 841159, upload-time = "2025-09-25T21:32:27.727Z" },
    { url = "https://files.pythonhosted.org/packages/74/27/e5b8f34d02d9995b80abcef563ea1f8b56d20134d8f4e5e81733b1feceb2/pyyaml-6.0.3-cp313-cp313-manylinux2014_x86_64.manylinux_2_17_x86_64.manylinux_2_28_x86_64.whl", hash = "sha256:0f29edc409a6392443abf94b9cf89ce99889a1dd5376d94316ae5145dfedd5d6", size = 801626, upload-time = "2025-09-25T21:32:28.878Z" },
    { url = "https://files.pythonhosted.org/packages/f9/11/ba845c23988798f40e52ba45f34849aa8a1f2d4af4b798588010792ebad6/pyyaml-6.0.3-cp313-cp313-musllinux_1_2_aarch64.whl", hash = "sha256:f7057c9a337546edc7973c0d3ba84ddcdf0daa14533c2065749c9075001090e6", size = 753613, upload-time = "2025-09-25T21:32:30.178Z" },
    { url = "https://files.pythonhosted.org/packages/3d/e0/7966e1a7bfc0a45bf0a7fb6b98ea03fc9b8d84fa7f2229e9659680b69ee3/pyyaml-6.0.3-cp313-cp313-musllinux_1_2_x86_64.whl", hash = "sha256:eda16858a3cab07b80edaf74336ece1f986ba330fdb8ee0d6c0d68fe82bc96be", size = 794115, upload-time = "2025-09-25T21:32:31.353Z" },
    { url = "https://files.pythonhosted.org/packages/de/94/980b50a6531b3019e45ddeada0626d45fa85cbe22300844a7983285bed3b/pyyaml-6.0.3-cp313-cp313-win32.whl", hash = "sha256:d0eae10f8159e8fdad514efdc92d74fd8d682c933a6dd088030f3834bc8e6b26", size = 137427, upload-time = "2025-09-25T21:32:32.58Z" },
    { url = "https://files.pythonhosted.org/packages/97/c9/39d5b874e8b28845e4ec2202b5da735d0199dbe5b8fb85f91398814a9a46/pyyaml-6.0.3-cp313-cp313-win_amd64.whl", hash = "sha256:79005a0d97d5ddabfeeea4cf676af11e647e41d81c9a7722a193022accdb6b7c", size = 154090, upload-time = "2025-09-25T21:32:33.659Z" },
    { url = "https://files.pythonhosted.org/packages/73/e8/2bdf3ca2090f68bb3d75b44da7bbc71843b19c9f2b9cb9b0f4ab7a5a4329/pyyaml-6.0.3-cp313-cp313-win_arm64.whl", hash = "sha256:5498cd1645aa724a7c71c8f378eb29ebe23da2fc0d7a08071d89469bf1d2defb", size = 140246, upload-time = "2025-09-25T21:32:34.663Z" },
    { url = "https://files.pythonhosted.org/packages/9d/8c/f4bd7f6465179953d3ac9bc44ac1a8a3e6122cf8ada906b4f96c60172d43/pyyaml-6.0.3-cp314-cp314-macosx_10_13_x86_64.whl", hash = "sha256:8d1fab6bb153a416f9aeb4b8763bc0f22a5586065f86f7664fc23339fc1c1fac", size = 181814, upload-time = "2025-09-25T21:32:35.712Z" },
    { url = "https://files.pythonhosted.org/packages/bd/9c/4d95bb87eb2063d20db7b60faa3840c1b18025517ae857371c4dd55a6b3a/pyyaml-6.0.3-cp314-cp314-macosx_11_0_arm64.whl", hash = "sha256:34d5fcd24b8445fadc33f9cf348c1047101756fd760b4dacb5c3e99755703310", size = 173809, upload-time = "2025-09-25T21:32:36.789Z" },
    { url = "https://files.pythonhosted.org/packages/92/b5/47e807c2623074914e29dabd16cbbdd4bf5e9b2db9f8090fa64411fc5382/pyyaml-6.0.3-cp314-cp314-manylinux2014_aarch64.manylinux_2_17_aarch64.manylinux_2_28_aarch64.whl", hash = "sha256:501a031947e3a9025ed4405a168e6ef5ae3126c59f90ce0cd6f2bfc477be31b7", size = 766454, upload-time = "2025-09-25T21:32:37.966Z" },
    { url = "https://files.pythonhosted.org/packages/02/9e/e5e9b168be58564121efb3de6859c452fccde0ab093d8438905899a3a483/pyyaml-6.0.3-cp314-cp314-manylinux2014_s390x.manylinux_2_17_s390x.manylinux_2_28_s390x.whl", hash = "sha256:b3bc83488de33889877a0f2543ade9f70c67d66d9ebb4ac959502e12de895788", size = 836355, upload-time = "2025-09-25T21:32:39.178Z" },
    { url = "https://files.pythonhosted.org/packages/88/f9/16491d7ed2a919954993e48aa941b200f38040928474c9e85ea9e64222c3/pyyaml-6.0.3-cp314-cp314-manylinux2014_x86_64.manylinux_2_17_x86_64.manylinux_2_28_x86_64.whl", hash = "sha256:c458b6d084f9b935061bc36216e8a69a7e293a2f1e68bf956dcd9e6cbcd143f5", size = 794175, upload-time = "2025-09-25T21:32:40.865Z" },
    { url = "https://files.pythonhosted.org/packages/dd/3f/5989debef34dc6397317802b527dbbafb2b4760878a53d4166579111411e/pyyaml-6.0.3-cp314-cp314-musllinux_1_2_aarch64.whl", hash = "sha256:7c6610def4f163542a622a73fb39f534f8c101d690126992300bf3207eab9764", size = 755228, upload-time = "2025-09-25T21:32:42.084Z" },
    { url = "https://files.pythonhosted.org/packages/d7/ce/af88a49043cd2e265be63d083fc75b27b6ed062f5f9fd6cdc223ad62f03e/pyyaml-6.0.3-cp314-cp314-musllinux_1_2_x86_64.whl", hash = "sha256:5190d403f121660ce8d1d2c1bb2ef1bd05b5f68533fc5c2ea899bd15f4399b35", size = 789194, upload-time = "2025-09-25T21:32:43.362Z" },
    { url = "https://files.pythonhosted.org/packages/23/20/bb6982b26a40bb43951265ba29d4c246ef0ff59c9fdcdf0ed04e0687de4d/pyyaml-6.0.3-cp314-cp314-win_amd64.whl", hash = "sha256:4a2e8cebe2ff6ab7d1050ecd59c25d4c8bd7e6f400f5f82b96557ac0abafd0ac", size = 156429, upload-time = "2025-09-25T21:32:57.844Z" },
    { url = "https://files.pythonhosted.org/packages/f4/f4/a4541072bb9422c8a883ab55255f918fa378ecf083f5b85e87fc2b4eda1b/pyyaml-6.0.3-cp314-cp314-win_arm64.whl", hash = "sha256:93dda82c9c22deb0a405ea4dc5f2d0cda384168e466364dec6255b293923b2f3", size = 143912, upload-time = "2025-09-25T21:32:59.247Z" },
    { url = "https://files.pythonhosted.org/packages/7c/f9/07dd09ae774e4616edf6cda684ee78f97777bdd15847253637a6f052a62f/pyyaml-6.0.3-cp314-cp314t-macosx_10_13_x86_64.whl", hash = "sha256:02893d100e99e03eda1c8fd5c441d8c60103fd175728e23e431db1b589cf5ab3", size = 189108, upload-time = "2025-09-25T21:32:44.377Z" },
    { url = "https://files.pythonhosted.org/packages/4e/78/8d08c9fb7ce09ad8c38ad533c1191cf27f7ae1effe5bb9400a46d9437fcf/pyyaml-6.0.3-cp314-cp314t-macosx_11_0_arm64.whl", hash = "sha256:c1ff362665ae507275af2853520967820d9124984e0f7466736aea23d8611fba", size = 183641, upload-time = "2025-09-25T21:32:45.407Z" },
    { url = "https://files.pythonhosted.org/packages/7b/5b/3babb19104a46945cf816d047db2788bcaf8c94527a805610b0289a01c6b/pyyaml-6.0.3-cp314-cp314t-manylinux2014_aarch64.manylinux_2_17_aarch64.manylinux_2_28_aarch64.whl", hash = "sha256:6adc77889b628398debc7b65c073bcb99c4a0237b248cacaf3fe8a557563ef6c", size = 831901, upload-time = "2025-09-25T21:32:48.83Z" },
    { url = "https://files.pythonhosted.org/packages/8b/cc/dff0684d8dc44da4d22a13f35f073d558c268780ce3c6ba1b87055bb0b87/pyyaml-6.0.3-cp314-cp314t-manylinux2014_s390x.manylinux_2_17_s390x.manylinux_2_28_s390x.whl", hash = "sha256:a80cb027f6b349846a3bf6d73b5e95e782175e52f22108cfa17876aaeff93702", size = 861132, upload-time = "2025-09-25T21:32:50.149Z" },
    { url = "https://files.pythonhosted.org/packages/b1/5e/f77dc6b9036943e285ba76b49e118d9ea929885becb0a29ba8a7c75e29fe/pyyaml-6.0.3-cp314-cp314t-manylinux2014_x86_64.manylinux_2_17_x86_64.manylinux_2_28_x86_64.whl", hash = "sha256:00c4bdeba853cc34e7dd471f16b4114f4162dc03e6b7afcc2128711f0eca823c", size = 839261, upload-time = "2025-09-25T21:32:51.808Z" },
    { url = "https://files.pythonhosted.org/packages/ce/88/a9db1376aa2a228197c58b37302f284b5617f56a5d959fd1763fb1675ce6/pyyaml-6.0.3-cp314-cp314t-musllinux_1_2_aarch64.whl", hash = "sha256:66e1674c3ef6f541c35191caae2d429b967b99e02040f5ba928632d9a7f0f065", size = 805272, upload-time = "2025-09-25T21:32:52.941Z" },
    { url = "https://files.pythonhosted.org/packages/da/92/1446574745d74df0c92e6aa4a7b0b3130706a4142b2d1a5869f2eaa423c6/pyyaml-6.0.3-cp314-cp314t-musllinux_1_2_x86_64.whl", hash = "sha256:16249ee61e95f858e83976573de0f5b2893b3677ba71c9dd36b9cf8be9ac6d65", size = 829923, upload-time = "2025-09-25T21:32:54.537Z" },
    { url = "https://files.pythonhosted.org/packages/f0/7a/1c7270340330e575b92f397352af856a8c06f230aa3e76f86b39d01b416a/pyyaml-6.0.3-cp314-cp314t-win_amd64.whl", hash = "sha256:4ad1906908f2f5ae4e5a8ddfce73c320c2a1429ec52eafd27138b7f1cbe341c9", size = 174062, upload-time = "2025-09-25T21:32:55.767Z" },
    { url = "https://files.pythonhosted.org/packages/f1/12/de94a39c2ef588c7e6455cfbe7343d3b2dc9d6b6b2f40c4c6565744c873d/pyyaml-6.0.3-cp314-cp314t-win_arm64.whl", hash = "sha256:ebc55a14a21cb14062aa4162f906cd962b28e2e9ea38f9b4391244cd8de4ae0b", size = 149341, upload-time = "2025-09-25T21:32:56.828Z" },
]

[[package]]
name = "rebench"
version = "1.3.0"
source = { registry = "https://pypi.org/simple" }
dependencies = [
    { name = "humanfriendly" },
    { name = "psutil" },
    { name = "py-cpuinfo" },
    { name = "pykwalify" },
    { name = "pyyaml" },
]
sdist = { url = "https://files.pythonhosted.org/packages/cd/24/87b33ad895cf90c80dc8ddba18ff5d366e8aa4dfef68d9df61dbca1d7e36/rebench-1.3.0.tar.gz", hash = "sha256:8f44d41b357a7c6bdbe8039517b195ad1908fd8fb478417c91d2d9255a928672", size = 88200, upload-time = "2025-02-03T12:26:40.487Z" }
wheels = [
    { url = "https://files.pythonhosted.org/packages/56/b0/72f9952b4a3e8a23a2ba82c2cad1e2912683fbe8484d36231a33f7dc8383/ReBench-1.3.0-py3-none-any.whl", hash = "sha256:74b1bb62e1b70821820106eb428c049e88ddb2dc99edcfe605d0b6fab4bad43c", size = 160180, upload-time = "2025-02-03T12:26:39.289Z" },
]

[[package]]
name = "ruamel-yaml"
version = "0.18.15"
source = { registry = "https://pypi.org/simple" }
dependencies = [
    { name = "ruamel-yaml-clib", marker = "python_full_version < '3.14' and platform_python_implementation == 'CPython'" },
]
sdist = { url = "https://files.pythonhosted.org/packages/3e/db/f3950f5e5031b618aae9f423a39bf81a55c148aecd15a34527898e752cf4/ruamel.yaml-0.18.15.tar.gz", hash = "sha256:dbfca74b018c4c3fba0b9cc9ee33e53c371194a9000e694995e620490fd40700", size = 146865, upload-time = "2025-08-19T11:15:10.694Z" }
wheels = [
    { url = "https://files.pythonhosted.org/packages/d1/e5/f2a0621f1781b76a38194acae72f01e37b1941470407345b6e8653ad7640/ruamel.yaml-0.18.15-py3-none-any.whl", hash = "sha256:148f6488d698b7a5eded5ea793a025308b25eca97208181b6a026037f391f701", size = 119702, upload-time = "2025-08-19T11:15:07.696Z" },
]

[[package]]
name = "ruamel-yaml-clib"
version = "0.2.14"
source = { registry = "https://pypi.org/simple" }
sdist = { url = "https://files.pythonhosted.org/packages/d8/e9/39ec4d4b3f91188fad1842748f67d4e749c77c37e353c4e545052ee8e893/ruamel.yaml.clib-0.2.14.tar.gz", hash = "sha256:803f5044b13602d58ea378576dd75aa759f52116a0232608e8fdada4da33752e", size = 225394, upload-time = "2025-09-22T19:51:23.753Z" }
wheels = [
    { url = "https://files.pythonhosted.org/packages/b4/42/ccfb34a25289afbbc42017e4d3d4288e61d35b2e00cfc6b92974a6a1f94b/ruamel.yaml.clib-0.2.14-cp312-cp312-macosx_10_13_universal2.whl", hash = "sha256:6aeadc170090ff1889f0d2c3057557f9cd71f975f17535c26a5d37af98f19c27", size = 271775, upload-time = "2025-09-23T14:24:12.771Z" },
    { url = "https://files.pythonhosted.org/packages/82/73/e628a92e80197ff6a79ab81ec3fa00d4cc082d58ab78d3337b7ba7043301/ruamel.yaml.clib-0.2.14-cp312-cp312-macosx_14_0_arm64.whl", hash = "sha256:5e56ac47260c0eed992789fa0b8efe43404a9adb608608631a948cee4fc2b052", size = 138842, upload-time = "2025-09-22T19:50:49.156Z" },
    { url = "https://files.pythonhosted.org/packages/2b/c5/346c7094344a60419764b4b1334d9e0285031c961176ff88ffb652405b0c/ruamel.yaml.clib-0.2.14-cp312-cp312-manylinux2014_aarch64.whl", hash = "sha256:a911aa73588d9a8b08d662b9484bc0567949529824a55d3885b77e8dd62a127a", size = 647404, upload-time = "2025-09-22T19:50:52.921Z" },
    { url = "https://files.pythonhosted.org/packages/df/99/65080c863eb06d4498de3d6c86f3e90595e02e159fd8529f1565f56cfe2c/ruamel.yaml.clib-0.2.14-cp312-cp312-manylinux_2_17_x86_64.manylinux2014_x86_64.whl", hash = "sha256:a05ba88adf3d7189a974b2de7a9d56731548d35dc0a822ec3dc669caa7019b29", size = 753141, upload-time = "2025-09-22T19:50:50.294Z" },
    { url = "https://files.pythonhosted.org/packages/3d/e3/0de85f3e3333f8e29e4b10244374a202a87665d1131798946ee22cf05c7c/ruamel.yaml.clib-0.2.14-cp312-cp312-manylinux_2_5_i686.manylinux1_i686.manylinux_2_17_i686.manylinux2014_i686.whl", hash = "sha256:fb04c5650de6668b853623eceadcdb1a9f2fee381f5d7b6bc842ee7c239eeec4", size = 703477, upload-time = "2025-09-22T19:50:51.508Z" },
    { url = "https://files.pythonhosted.org/packages/d9/25/0d2f09d8833c7fd77ab8efeff213093c16856479a9d293180a0d89f6bed9/ruamel.yaml.clib-0.2.14-cp312-cp312-musllinux_1_2_aarch64.whl", hash = "sha256:df3ec9959241d07bc261f4983d25a1205ff37703faf42b474f15d54d88b4f8c9", size = 741157, upload-time = "2025-09-23T18:42:50.408Z" },
    { url = "https://files.pythonhosted.org/packages/d3/8c/959f10c2e2153cbdab834c46e6954b6dd9e3b109c8f8c0a3cf1618310985/ruamel.yaml.clib-0.2.14-cp312-cp312-musllinux_1_2_i686.whl", hash = "sha256:fbc08c02e9b147a11dfcaa1ac8a83168b699863493e183f7c0c8b12850b7d259", size = 745859, upload-time = "2025-09-22T19:50:54.497Z" },
    { url = "https://files.pythonhosted.org/packages/ed/6b/e580a7c18b485e1a5f30a32cda96b20364b0ba649d9d2baaf72f8bd21f83/ruamel.yaml.clib-0.2.14-cp312-cp312-musllinux_1_2_x86_64.whl", hash = "sha256:c099cafc1834d3c5dac305865d04235f7c21c167c8dd31ebc3d6bbc357e2f023", size = 770200, upload-time = "2025-09-22T19:50:55.718Z" },
    { url = "https://files.pythonhosted.org/packages/ef/44/3455eebc761dc8e8fdced90f2b0a3fa61e32ba38b50de4130e2d57db0f21/ruamel.yaml.clib-0.2.14-cp312-cp312-win32.whl", hash = "sha256:b5b0f7e294700b615a3bcf6d28b26e6da94e8eba63b079f4ec92e9ba6c0d6b54", size = 98829, upload-time = "2025-09-22T19:50:58.895Z" },
    { url = "https://files.pythonhosted.org/packages/76/ab/5121f7f3b651db93de546f8c982c241397aad0a4765d793aca1dac5eadee/ruamel.yaml.clib-0.2.14-cp312-cp312-win_amd64.whl", hash = "sha256:a37f40a859b503304dd740686359fcf541d6fb3ff7fc10f539af7f7150917c68", size = 115570, upload-time = "2025-09-22T19:50:57.981Z" },
    { url = "https://files.pythonhosted.org/packages/d7/ae/e3811f05415594025e96000349d3400978adaed88d8f98d494352d9761ee/ruamel.yaml.clib-0.2.14-cp313-cp313-macosx_10_13_universal2.whl", hash = "sha256:7e4f9da7e7549946e02a6122dcad00b7c1168513acb1f8a726b1aaf504a99d32", size = 269205, upload-time = "2025-09-23T14:24:15.06Z" },
    { url = "https://files.pythonhosted.org/packages/72/06/7d51f4688d6d72bb72fa74254e1593c4f5ebd0036be5b41fe39315b275e9/ruamel.yaml.clib-0.2.14-cp313-cp313-macosx_15_0_arm64.whl", hash = "sha256:dd7546c851e59c06197a7c651335755e74aa383a835878ca86d2c650c07a2f85", size = 137417, upload-time = "2025-09-22T19:50:59.82Z" },
    { url = "https://files.pythonhosted.org/packages/5a/08/b4499234a420ef42960eeb05585df5cc7eb25ccb8c980490b079e6367050/ruamel.yaml.clib-0.2.14-cp313-cp313-manylinux2014_aarch64.whl", hash = "sha256:1c1acc3a0209ea9042cc3cfc0790edd2eddd431a2ec3f8283d081e4d5018571e", size = 642558, upload-time = "2025-09-22T19:51:03.388Z" },
    { url = "https://files.pythonhosted.org/packages/b6/ba/1975a27dedf1c4c33306ee67c948121be8710b19387aada29e2f139c43ee/ruamel.yaml.clib-0.2.14-cp313-cp313-manylinux_2_17_x86_64.manylinux2014_x86_64.whl", hash = "sha256:2070bf0ad1540d5c77a664de07ebcc45eebd1ddcab71a7a06f26936920692beb", size = 744087, upload-time = "2025-09-22T19:51:00.897Z" },
    { url = "https://files.pythonhosted.org/packages/20/15/8a19a13d27f3bd09fa18813add8380a29115a47b553845f08802959acbce/ruamel.yaml.clib-0.2.14-cp313-cp313-manylinux_2_5_i686.manylinux1_i686.manylinux_2_17_i686.manylinux2014_i686.whl", hash = "sha256:9bd8fe07f49c170e09d76773fb86ad9135e0beee44f36e1576a201b0676d3d1d", size = 699709, upload-time = "2025-09-22T19:51:02.075Z" },
    { url = "https://files.pythonhosted.org/packages/19/ee/8d6146a079ad21e534b5083c9ee4a4c8bec42f79cf87594b60978286b39a/ruamel.yaml.clib-0.2.14-cp313-cp313-musllinux_1_2_aarch64.whl", hash = "sha256:ff86876889ea478b1381089e55cf9e345707b312beda4986f823e1d95e8c0f59", size = 708926, upload-time = "2025-09-23T18:42:51.707Z" },
    { url = "https://files.pythonhosted.org/packages/a9/f5/426b714abdc222392e68f3b8ad323930d05a214a27c7e7a0f06c69126401/ruamel.yaml.clib-0.2.14-cp313-cp313-musllinux_1_2_i686.whl", hash = "sha256:1f118b707eece8cf84ecbc3e3ec94d9db879d85ed608f95870d39b2d2efa5dca", size = 740202, upload-time = "2025-09-22T19:51:04.673Z" },
    { url = "https://files.pythonhosted.org/packages/3d/ac/3c5c2b27a183f4fda8a57c82211721c016bcb689a4a175865f7646db9f94/ruamel.yaml.clib-0.2.14-cp313-cp313-musllinux_1_2_x86_64.whl", hash = "sha256:b30110b29484adc597df6bd92a37b90e63a8c152ca8136aad100a02f8ba6d1b6", size = 765196, upload-time = "2025-09-22T19:51:05.916Z" },
    { url = "https://files.pythonhosted.org/packages/92/2e/06f56a71fd55021c993ed6e848c9b2e5e9cfce180a42179f0ddd28253f7c/ruamel.yaml.clib-0.2.14-cp313-cp313-win32.whl", hash = "sha256:f4e97a1cf0b7a30af9e1d9dad10a5671157b9acee790d9e26996391f49b965a2", size = 98635, upload-time = "2025-09-22T19:51:08.183Z" },
    { url = "https://files.pythonhosted.org/packages/51/79/76aba16a1689b50528224b182f71097ece338e7a4ab55e84c2e73443b78a/ruamel.yaml.clib-0.2.14-cp313-cp313-win_amd64.whl", hash = "sha256:090782b5fb9d98df96509eecdbcaffd037d47389a89492320280d52f91330d78", size = 115238, upload-time = "2025-09-22T19:51:07.081Z" },
    { url = "https://files.pythonhosted.org/packages/21/e2/a59ff65c26aaf21a24eb38df777cb9af5d87ba8fc8107c163c2da9d1e85e/ruamel.yaml.clib-0.2.14-cp314-cp314-macosx_10_15_universal2.whl", hash = "sha256:7df6f6e9d0e33c7b1d435defb185095386c469109de723d514142632a7b9d07f", size = 271441, upload-time = "2025-09-23T14:24:16.498Z" },
    { url = "https://files.pythonhosted.org/packages/6b/fa/3234f913fe9a6525a7b97c6dad1f51e72b917e6872e051a5e2ffd8b16fbb/ruamel.yaml.clib-0.2.14-cp314-cp314-macosx_15_0_arm64.whl", hash = "sha256:70eda7703b8126f5e52fcf276e6c0f40b0d314674f896fc58c47b0aef2b9ae83", size = 137970, upload-time = "2025-09-22T19:51:09.472Z" },
    { url = "https://files.pythonhosted.org/packages/ef/ec/4edbf17ac2c87fa0845dd366ef8d5852b96eb58fcd65fc1ecf5fe27b4641/ruamel.yaml.clib-0.2.14-cp314-cp314-musllinux_1_2_i686.whl", hash = "sha256:a0cb71ccc6ef9ce36eecb6272c81afdc2f565950cdcec33ae8e6cd8f7fc86f27", size = 739639, upload-time = "2025-09-22T19:51:10.566Z" },
    { url = "https://files.pythonhosted.org/packages/15/18/b0e1fafe59051de9e79cdd431863b03593ecfa8341c110affad7c8121efc/ruamel.yaml.clib-0.2.14-cp314-cp314-musllinux_1_2_x86_64.whl", hash = "sha256:e7cb9ad1d525d40f7d87b6df7c0ff916a66bc52cb61b66ac1b2a16d0c1b07640", size = 764456, upload-time = "2025-09-22T19:51:11.736Z" },
]

[[package]]
name = "six"
version = "1.17.0"
source = { registry = "https://pypi.org/simple" }
sdist = { url = "https://files.pythonhosted.org/packages/94/e7/b2c673351809dca68a0e064b6af791aa332cf192da575fd474ed7d6f16a2/six-1.17.0.tar.gz", hash = "sha256:ff70335d468e7eb6ec65b95b99d3a2836546063f63acc5171de367e834932a81", size = 34031, upload-time = "2024-12-04T17:35:28.174Z" }
wheels = [
    { url = "https://files.pythonhosted.org/packages/b7/ce/149a00dd41f10bc29e5921b496af8b574d8413afcd5e30dfa0ed46c2cc5e/six-1.17.0-py2.py3-none-any.whl", hash = "sha256:4721f391ed90541fddacab5acf947aa0d3dc7d27b2e1e8eda2be8970586c3274", size = 11050, upload-time = "2024-12-04T17:35:26.475Z" },
]
